
Microsoft Visual Studio Solution File, Format Version 12.00
# Visual Studio Version 17
VisualStudioVersion = 17.7.34202.233
MinimumVisualStudioVersion = 10.0.40219.1
Project("{FAE04EC0-301F-11D3-BF4B-00C04F79EFBC}") = "PRUEBA-OPERATI", "PRUEBA-OPERATI\PRUEBA-OPERATI.csproj", "{C9E4D75C-EF51-40E6-8563-B2513FAE0DF1}"
EndProject
Global
	GlobalSection(SolutionConfigurationPlatforms) = preSolution
		Debug|Any CPU = Debug|Any CPU
		Release|Any CPU = Release|Any CPU
	EndGlobalSection
	GlobalSection(ProjectConfigurationPlatforms) = postSolution
		{C9E4D75C-EF51-40E6-8563-B2513FAE0DF1}.Debug|Any CPU.ActiveCfg = Debug|Any CPU
		{C9E4D75C-EF51-40E6-8563-B2513FAE0DF1}.Debug|Any CPU.Build.0 = Debug|Any CPU
		{C9E4D75C-EF51-40E6-8563-B2513FAE0DF1}.Release|Any CPU.ActiveCfg = Release|Any CPU
		{C9E4D75C-EF51-40E6-8563-B2513FAE0DF1}.Release|Any CPU.Build.0 = Release|Any CPU
	EndGlobalSection
	GlobalSection(SolutionProperties) = preSolution
		HideSolutionNode = FALSE
	EndGlobalSection
	GlobalSection(ExtensibilityGlobals) = postSolution
		SolutionGuid = {1B254AB0-EBB1-4093-B14C-E31BE1B64288}
	EndGlobalSection
EndGlobal
